{
  "name": "demo",
  "version": "1.0.0",
  "lockfileVersion": 2,
  "requires": true,
  "packages": {
    "": {
      "name": "demo",
      "version": "1.0.0",
      "license": "ISC",
      "dependencies": {
        "lodash": "^4.17.21",
        "oak-js-library": "github:OAK-Foundation/OAK-JS-SDK#v0.5.0-frontend-rc1"
      }
    },
    "node_modules/lodash": {
      "version": "4.17.21",
      "resolved": "https://registry.npmjs.org/lodash/-/lodash-4.17.21.tgz",
      "integrity": "sha512-v2kDEe57lecTulaDIuNTPy3Ry4gLGJ6Z1O3vE1krgXZNrsQ+LFTGHVxVjcXPs17LhbZVGedAJv8XZ1tvj5FvSg=="
    },
    "node_modules/oak-js-library": {
      "version": "0.5.0",
      "resolved": "git+ssh://git@github.com/OAK-Foundation/OAK-JS-SDK.git#995234421eac4f69d5b0fd19191b65e69ab72f34",
      "license": "MIT"
    }
  },
  "dependencies": {
    "lodash": {
      "version": "4.17.21",
      "resolved": "https://registry.npmjs.org/lodash/-/lodash-4.17.21.tgz",
      "integrity": "sha512-v2kDEe57lecTulaDIuNTPy3Ry4gLGJ6Z1O3vE1krgXZNrsQ+LFTGHVxVjcXPs17LhbZVGedAJv8XZ1tvj5FvSg=="
    },
    "oak-js-library": {
      "version": "git+ssh://git@github.com/OAK-Foundation/OAK-JS-SDK.git#995234421eac4f69d5b0fd19191b65e69ab72f34",
      "from": "oak-js-library@github:OAK-Foundation/OAK-JS-SDK#v0.5.0-frontend-rc1"
    }
  }
}
